
Microsoft Visual Studio Solution File, Format Version 12.00
# Visual Studio Version 16
VisualStudioVersion = 16.0.810.6
MinimumVisualStudioVersion = 10.0.40219.1
Project("{FAE04EC0-301F-11D3-BF4B-00C04F79EFBC}") = "Anipang", "anipang\anipang.csproj", "{B7404A8F-F29B-474B-96AB-215FB6CD51CB}"
EndProject
Global
	GlobalSection(SolutionConfigurationPlatforms) = preSolution
		Debug|anycpu = Debug|anycpu
		Release|anycpu = Release|anycpu
	EndGlobalSection
	GlobalSection(ProjectConfigurationPlatforms) = postSolution
		{B7404A8F-F29B-474B-96AB-215FB6CD51CB}.Debug|anycpu.ActiveCfg = Debug|anycpu
		{B7404A8F-F29B-474B-96AB-215FB6CD51CB}.Debug|anycpu.Build.0 = Debug|anycpu
		{B7404A8F-F29B-474B-96AB-215FB6CD51CB}.Release|anycpu.ActiveCfg = Release|anycpu
		{B7404A8F-F29B-474B-96AB-215FB6CD51CB}.Release|anycpu.Build.0 = Release|anycpu
	EndGlobalSection
	GlobalSection(SolutionProperties) = preSolution
		HideSolutionNode = FALSE
	EndGlobalSection
	GlobalSection(ExtensibilityGlobals) = postSolution
		SolutionGuid = {1629F382-F94E-4409-BC34-1AD71C96EED9}
	EndGlobalSection
EndGlobal
